
Microsoft Visual Studio Solution File, Format Version 12.00
# Visual Studio 14
VisualStudioVersion = 14.0.25420.1
MinimumVisualStudioVersion = 10.0.40219.1
Project("{FAE04EC0-301F-11D3-BF4B-00C04F79EFBC}") = "Evaluation", "Evaluation\Evaluation.csproj", "{7403FE3B-43DC-4496-B0EA-90BAE777CA8F}"
EndProject
Project("{FAE04EC0-301F-11D3-BF4B-00C04F79EFBC}") = "JTApp.Infrastructure", "JTApp.Infrastructure\JTApp.Infrastructure.csproj", "{248417C5-17A6-47D1-9865-04F3534B0040}"
EndProject
Project("{FAE04EC0-301F-11D3-BF4B-00C04F79EFBC}") = "JTApp.Domain", "JTApp.Domain\JTApp.Domain.csproj", "{F76497FB-6533-4F9D-AE54-22725B518074}"
EndProject
Project("{FAE04EC0-301F-11D3-BF4B-00C04F79EFBC}") = "JTApp.Repositories", "JTApp.Repositories\JTApp.Repositories.csproj", "{FAFF1198-C5E9-4632-94F1-92B430F6A002}"
EndProject
Project("{FAE04EC0-301F-11D3-BF4B-00C04F79EFBC}") = "JTApp.Application", "JTApp.Application\JTApp.Application.csproj", "{1465F60D-5D4C-4EAF-9252-F88251D063D2}"
EndProject
Project("{FAE04EC0-301F-11D3-BF4B-00C04F79EFBC}") = "JTApp.ServiceContracts", "JTApp.ServiceContracts\JTApp.ServiceContracts.csproj", "{84E95CD6-D74C-46F3-8809-754494DBBEAD}"
EndProject
Project("{FAE04EC0-301F-11D3-BF4B-00C04F79EFBC}") = "JTApp.WebUI", "JTApp.WebUI\JTApp.WebUI.csproj", "{771D2548-F0FB-47D3-8D3A-D30877A666CA}"
EndProject
Project("{FAE04EC0-301F-11D3-BF4B-00C04F79EFBC}") = "JTApp.DataObject", "JTApp.DataObject\JTApp.DataObject.csproj", "{E3E216A5-F278-4E08-996F-5E6F298734AE}"
EndProject
Global
	GlobalSection(SolutionConfigurationPlatforms) = preSolution
		CD_ROM|Any CPU = CD_ROM|Any CPU
		Debug|Any CPU = Debug|Any CPU
		DVD-5|Any CPU = DVD-5|Any CPU
		Release|Any CPU = Release|Any CPU
		SingleImage|Any CPU = SingleImage|Any CPU
	EndGlobalSection
	GlobalSection(ProjectConfigurationPlatforms) = postSolution
		{7403FE3B-43DC-4496-B0EA-90BAE777CA8F}.CD_ROM|Any CPU.ActiveCfg = Release|Any CPU
		{7403FE3B-43DC-4496-B0EA-90BAE777CA8F}.CD_ROM|Any CPU.Build.0 = Release|Any CPU
		{7403FE3B-43DC-4496-B0EA-90BAE777CA8F}.Debug|Any CPU.ActiveCfg = Debug|Any CPU
		{7403FE3B-43DC-4496-B0EA-90BAE777CA8F}.Debug|Any CPU.Build.0 = Debug|Any CPU
		{7403FE3B-43DC-4496-B0EA-90BAE777CA8F}.DVD-5|Any CPU.ActiveCfg = Debug|Any CPU
		{7403FE3B-43DC-4496-B0EA-90BAE777CA8F}.DVD-5|Any CPU.Build.0 = Debug|Any CPU
		{7403FE3B-43DC-4496-B0EA-90BAE777CA8F}.Release|Any CPU.ActiveCfg = Release|Any CPU
		{7403FE3B-43DC-4496-B0EA-90BAE777CA8F}.Release|Any CPU.Build.0 = Release|Any CPU
		{7403FE3B-43DC-4496-B0EA-90BAE777CA8F}.SingleImage|Any CPU.ActiveCfg = Release|Any CPU
		{7403FE3B-43DC-4496-B0EA-90BAE777CA8F}.SingleImage|Any CPU.Build.0 = Release|Any CPU
		{248417C5-17A6-47D1-9865-04F3534B0040}.CD_ROM|Any CPU.ActiveCfg = Release|Any CPU
		{248417C5-17A6-47D1-9865-04F3534B0040}.CD_ROM|Any CPU.Build.0 = Release|Any CPU
		{248417C5-17A6-47D1-9865-04F3534B0040}.Debug|Any CPU.ActiveCfg = Debug|Any CPU
		{248417C5-17A6-47D1-9865-04F3534B0040}.Debug|Any CPU.Build.0 = Debug|Any CPU
		{248417C5-17A6-47D1-9865-04F3534B0040}.DVD-5|Any CPU.ActiveCfg = Debug|Any CPU
		{248417C5-17A6-47D1-9865-04F3534B0040}.DVD-5|Any CPU.Build.0 = Debug|Any CPU
		{248417C5-17A6-47D1-9865-04F3534B0040}.Release|Any CPU.ActiveCfg = Release|Any CPU
		{248417C5-17A6-47D1-9865-04F3534B0040}.Release|Any CPU.Build.0 = Release|Any CPU
		{248417C5-17A6-47D1-9865-04F3534B0040}.SingleImage|Any CPU.ActiveCfg = Release|Any CPU
		{248417C5-17A6-47D1-9865-04F3534B0040}.SingleImage|Any CPU.Build.0 = Release|Any CPU
		{F76497FB-6533-4F9D-AE54-22725B518074}.CD_ROM|Any CPU.ActiveCfg = Release|Any CPU
		{F76497FB-6533-4F9D-AE54-22725B518074}.CD_ROM|Any CPU.Build.0 = Release|Any CPU
		{F76497FB-6533-4F9D-AE54-22725B518074}.Debug|Any CPU.ActiveCfg = Debug|Any CPU
		{F76497FB-6533-4F9D-AE54-22725B518074}.Debug|Any CPU.Build.0 = Debug|Any CPU
		{F76497FB-6533-4F9D-AE54-22725B518074}.DVD-5|Any CPU.ActiveCfg = Debug|Any CPU
		{F76497FB-6533-4F9D-AE54-22725B518074}.DVD-5|Any CPU.Build.0 = Debug|Any CPU
		{F76497FB-6533-4F9D-AE54-22725B518074}.Release|Any CPU.ActiveCfg = Release|Any CPU
		{F76497FB-6533-4F9D-AE54-22725B518074}.Release|Any CPU.Build.0 = Release|Any CPU
		{F76497FB-6533-4F9D-AE54-22725B518074}.SingleImage|Any CPU.ActiveCfg = Release|Any CPU
		{F76497FB-6533-4F9D-AE54-22725B518074}.SingleImage|Any CPU.Build.0 = Release|Any CPU
		{FAFF1198-C5E9-4632-94F1-92B430F6A002}.CD_ROM|Any CPU.ActiveCfg = Release|Any CPU
		{FAFF1198-C5E9-4632-94F1-92B430F6A002}.CD_ROM|Any CPU.Build.0 = Release|Any CPU
		{FAFF1198-C5E9-4632-94F1-92B430F6A002}.Debug|Any CPU.ActiveCfg = Debug|Any CPU
		{FAFF1198-C5E9-4632-94F1-92B430F6A002}.Debug|Any CPU.Build.0 = Debug|Any CPU
		{FAFF1198-C5E9-4632-94F1-92B430F6A002}.DVD-5|Any CPU.ActiveCfg = Debug|Any CPU
		{FAFF1198-C5E9-4632-94F1-92B430F6A002}.DVD-5|Any CPU.Build.0 = Debug|Any CPU
		{FAFF1198-C5E9-4632-94F1-92B430F6A002}.Release|Any CPU.ActiveCfg = Release|Any CPU
		{FAFF1198-C5E9-4632-94F1-92B430F6A002}.Release|Any CPU.Build.0 = Release|Any CPU
		{FAFF1198-C5E9-4632-94F1-92B430F6A002}.SingleImage|Any CPU.ActiveCfg = Release|Any CPU
		{FAFF1198-C5E9-4632-94F1-92B430F6A002}.SingleImage|Any CPU.Build.0 = Release|Any CPU
		{1465F60D-5D4C-4EAF-9252-F88251D063D2}.CD_ROM|Any CPU.ActiveCfg = Release|Any CPU
		{1465F60D-5D4C-4EAF-9252-F88251D063D2}.CD_ROM|Any CPU.Build.0 = Release|Any CPU
		{1465F60D-5D4C-4EAF-9252-F88251D063D2}.Debug|Any CPU.ActiveCfg = Debug|Any CPU
		{1465F60D-5D4C-4EAF-9252-F88251D063D2}.Debug|Any CPU.Build.0 = Debug|Any CPU
		{1465F60D-5D4C-4EAF-9252-F88251D063D2}.DVD-5|Any CPU.ActiveCfg = Debug|Any CPU
		{1465F60D-5D4C-4EAF-9252-F88251D063D2}.DVD-5|Any CPU.Build.0 = Debug|Any CPU
		{1465F60D-5D4C-4EAF-9252-F88251D063D2}.Release|Any CPU.ActiveCfg = Release|Any CPU
		{1465F60D-5D4C-4EAF-9252-F88251D063D2}.Release|Any CPU.Build.0 = Release|Any CPU
		{1465F60D-5D4C-4EAF-9252-F88251D063D2}.SingleImage|Any CPU.ActiveCfg = Release|Any CPU
		{1465F60D-5D4C-4EAF-9252-F88251D063D2}.SingleImage|Any CPU.Build.0 = Release|Any CPU
		{84E95CD6-D74C-46F3-8809-754494DBBEAD}.CD_ROM|Any CPU.ActiveCfg = Release|Any CPU
		{84E95CD6-D74C-46F3-8809-754494DBBEAD}.CD_ROM|Any CPU.Build.0 = Release|Any CPU
		{84E95CD6-D74C-46F3-8809-754494DBBEAD}.Debug|Any CPU.ActiveCfg = Debug|Any CPU
		{84E95CD6-D74C-46F3-8809-754494DBBEAD}.Debug|Any CPU.Build.0 = Debug|Any CPU
		{84E95CD6-D74C-46F3-8809-754494DBBEAD}.DVD-5|Any CPU.ActiveCfg = Debug|Any CPU
		{84E95CD6-D74C-46F3-8809-754494DBBEAD}.DVD-5|Any CPU.Build.0 = Debug|Any CPU
		{84E95CD6-D74C-46F3-8809-754494DBBEAD}.Release|Any CPU.ActiveCfg = Release|Any CPU
		{84E95CD6-D74C-46F3-8809-754494DBBEAD}.Release|Any CPU.Build.0 = Release|Any CPU
		{84E95CD6-D74C-46F3-8809-754494DBBEAD}.SingleImage|Any CPU.ActiveCfg = Release|Any CPU
		{84E95CD6-D74C-46F3-8809-754494DBBEAD}.SingleImage|Any CPU.Build.0 = Release|Any CPU
		{771D2548-F0FB-47D3-8D3A-D30877A666CA}.CD_ROM|Any CPU.ActiveCfg = Release|Any CPU
		{771D2548-F0FB-47D3-8D3A-D30877A666CA}.CD_ROM|Any CPU.Build.0 = Release|Any CPU
		{771D2548-F0FB-47D3-8D3A-D30877A666CA}.Debug|Any CPU.ActiveCfg = Debug|Any CPU
		{771D2548-F0FB-47D3-8D3A-D30877A666CA}.Debug|Any CPU.Build.0 = Debug|Any CPU
		{771D2548-F0FB-47D3-8D3A-D30877A666CA}.DVD-5|Any CPU.ActiveCfg = Debug|Any CPU
		{771D2548-F0FB-47D3-8D3A-D30877A666CA}.DVD-5|Any CPU.Build.0 = Debug|Any CPU
		{771D2548-F0FB-47D3-8D3A-D30877A666CA}.Release|Any CPU.ActiveCfg = Release|Any CPU
		{771D2548-F0FB-47D3-8D3A-D30877A666CA}.Release|Any CPU.Build.0 = Release|Any CPU
		{771D2548-F0FB-47D3-8D3A-D30877A666CA}.SingleImage|Any CPU.ActiveCfg = Release|Any CPU
		{771D2548-F0FB-47D3-8D3A-D30877A666CA}.SingleImage|Any CPU.Build.0 = Release|Any CPU
		{E3E216A5-F278-4E08-996F-5E6F298734AE}.CD_ROM|Any CPU.ActiveCfg = Release|Any CPU
		{E3E216A5-F278-4E08-996F-5E6F298734AE}.CD_ROM|Any CPU.Build.0 = Release|Any CPU
		{E3E216A5-F278-4E08-996F-5E6F298734AE}.Debug|Any CPU.ActiveCfg = Debug|Any CPU
		{E3E216A5-F278-4E08-996F-5E6F298734AE}.Debug|Any CPU.Build.0 = Debug|Any CPU
		{E3E216A5-F278-4E08-996F-5E6F298734AE}.DVD-5|Any CPU.ActiveCfg = Debug|Any CPU
		{E3E216A5-F278-4E08-996F-5E6F298734AE}.DVD-5|Any CPU.Build.0 = Debug|Any CPU
		{E3E216A5-F278-4E08-996F-5E6F298734AE}.Release|Any CPU.ActiveCfg = Release|Any CPU
		{E3E216A5-F278-4E08-996F-5E6F298734AE}.Release|Any CPU.Build.0 = Release|Any CPU
		{E3E216A5-F278-4E08-996F-5E6F298734AE}.SingleImage|Any CPU.ActiveCfg = Release|Any CPU
		{E3E216A5-F278-4E08-996F-5E6F298734AE}.SingleImage|Any CPU.Build.0 = Release|Any CPU
	EndGlobalSection
	GlobalSection(SolutionProperties) = preSolution
		HideSolutionNode = FALSE
	EndGlobalSection
	GlobalSection(ExtensibilityGlobals) = postSolution
		VisualSVNWorkingCopyRoot = .
	EndGlobalSection
EndGlobal
